// !$*UTF8*$!
{
	archiveVersion = 1;
	classes = {
	};
	objectVersion = 56;
	objects = {

/* Begin PBXBuildFile section */
		36108DA72A2E322700CA6D60 /* ChatWaveApp.swift in Sources */ = {isa = PBXBuildFile; fileRef = 36108DA62A2E322700CA6D60 /* ChatWaveApp.swift */; };
		36108DA92A2E322700CA6D60 /* ContentView.swift in Sources */ = {isa = PBXBuildFile; fileRef = 36108DA82A2E322700CA6D60 /* ContentView.swift */; };
		36108DAB2A2E322900CA6D60 /* Assets.xcassets in Resources */ = {isa = PBXBuildFile; fileRef = 36108DAA2A2E322900CA6D60 /* Assets.xcassets */; };
		36108DAE2A2E322900CA6D60 /* Preview Assets.xcassets in Resources */ = {isa = PBXBuildFile; fileRef = 36108DAD2A2E322900CA6D60 /* Preview Assets.xcassets */; };
		36108ED62A30657400CA6D60 /* LoginView.swift in Sources */ = {isa = PBXBuildFile; fileRef = 36108ED52A30657400CA6D60 /* LoginView.swift */; };
		36108ED82A30657C00CA6D60 /* RegisterView.swift in Sources */ = {isa = PBXBuildFile; fileRef = 36108ED72A30657C00CA6D60 /* RegisterView.swift */; };
		36108EDA2A30704400CA6D60 /* CustomTextField.swift in Sources */ = {isa = PBXBuildFile; fileRef = 36108ED92A30704400CA6D60 /* CustomTextField.swift */; };
		36108EDD2A308D8900CA6D60 /* MainTabView.swift in Sources */ = {isa = PBXBuildFile; fileRef = 36108EDC2A308D8900CA6D60 /* MainTabView.swift */; };
		36108EE22A308DCB00CA6D60 /* ChannelsView.swift in Sources */ = {isa = PBXBuildFile; fileRef = 36108EE12A308DCB00CA6D60 /* ChannelsView.swift */; };
		36108EE42A308DD200CA6D60 /* ChatsView.swift in Sources */ = {isa = PBXBuildFile; fileRef = 36108EE32A308DD200CA6D60 /* ChatsView.swift */; };
		36108EE62A308DD900CA6D60 /* SettingsView.swift in Sources */ = {isa = PBXBuildFile; fileRef = 36108EE52A308DD900CA6D60 /* SettingsView.swift */; };
		36108EE92A308E0500CA6D60 /* ConversationsView.swift in Sources */ = {isa = PBXBuildFile; fileRef = 36108EE82A308E0500CA6D60 /* ConversationsView.swift */; };
		36108EEB2A30955000CA6D60 /* SettingsHeaderView.swift in Sources */ = {isa = PBXBuildFile; fileRef = 36108EEA2A30955000CA6D60 /* SettingsHeaderView.swift */; };
		36108EED2A30958100CA6D60 /* SettingsCell.swift in Sources */ = {isa = PBXBuildFile; fileRef = 36108EEC2A30958100CA6D60 /* SettingsCell.swift */; };
		36108EEF2A30980C00CA6D60 /* SettingsCellViewModel.swift in Sources */ = {isa = PBXBuildFile; fileRef = 36108EEE2A30980C00CA6D60 /* SettingsCellViewModel.swift */; };
		36108EF12A309EED00CA6D60 /* EditProfileView.swift in Sources */ = {isa = PBXBuildFile; fileRef = 36108EF02A309EED00CA6D60 /* EditProfileView.swift */; };
		36108EF32A30A46300CA6D60 /* StatusSelectorView.swift in Sources */ = {isa = PBXBuildFile; fileRef = 36108EF22A30A46300CA6D60 /* StatusSelectorView.swift */; };
		3624FB3D2A30A7E400D9BD20 /* StatusViewModel.swift in Sources */ = {isa = PBXBuildFile; fileRef = 3624FB3C2A30A7E400D9BD20 /* StatusViewModel.swift */; };
		3624FB3F2A30B3E500D9BD20 /* ImagePicker.swift in Sources */ = {isa = PBXBuildFile; fileRef = 3624FB3E2A30B3E500D9BD20 /* ImagePicker.swift */; };
		3624FB412A30BE7000D9BD20 /* ConversationCellView.swift in Sources */ = {isa = PBXBuildFile; fileRef = 3624FB402A30BE7000D9BD20 /* ConversationCellView.swift */; };
		3624FB432A30C1D100D9BD20 /* NewMessageView.swift in Sources */ = {isa = PBXBuildFile; fileRef = 3624FB422A30C1D100D9BD20 /* NewMessageView.swift */; };
		3624FB452A30C1DC00D9BD20 /* UserCellView.swift in Sources */ = {isa = PBXBuildFile; fileRef = 3624FB442A30C1DC00D9BD20 /* UserCellView.swift */; };
		3624FB472A30C6E900D9BD20 /* SearchBar.swift in Sources */ = {isa = PBXBuildFile; fileRef = 3624FB462A30C6E900D9BD20 /* SearchBar.swift */; };
		3624FB492A30C94800D9BD20 /* Extensions.swift in Sources */ = {isa = PBXBuildFile; fileRef = 3624FB482A30C94800D9BD20 /* Extensions.swift */; };
/* End PBXBuildFile section */

/* Begin PBXFileReference section */
		36108DA32A2E322700CA6D60 /* ChatWave.app */ = {isa = PBXFileReference; explicitFileType = wrapper.application; includeInIndex = 0; path = ChatWave.app; sourceTree = BUILT_PRODUCTS_DIR; };
		36108DA62A2E322700CA6D60 /* ChatWaveApp.swift */ = {isa = PBXFileReference; lastKnownFileType = sourcecode.swift; path = ChatWaveApp.swift; sourceTree = "<group>"; };
		36108DA82A2E322700CA6D60 /* ContentView.swift */ = {isa = PBXFileReference; lastKnownFileType = sourcecode.swift; path = ContentView.swift; sourceTree = "<group>"; };
		36108DAA2A2E322900CA6D60 /* Assets.xcassets */ = {isa = PBXFileReference; lastKnownFileType = folder.assetcatalog; path = Assets.xcassets; sourceTree = "<group>"; };
		36108DAD2A2E322900CA6D60 /* Preview Assets.xcassets */ = {isa = PBXFileReference; lastKnownFileType = folder.assetcatalog; path = "Preview Assets.xcassets"; sourceTree = "<group>"; };
		36108ED52A30657400CA6D60 /* LoginView.swift */ = {isa = PBXFileReference; lastKnownFileType = sourcecode.swift; path = LoginView.swift; sourceTree = "<group>"; };
		36108ED72A30657C00CA6D60 /* RegisterView.swift */ = {isa = PBXFileReference; lastKnownFileType = sourcecode.swift; path = RegisterView.swift; sourceTree = "<group>"; };
		36108ED92A30704400CA6D60 /* CustomTextField.swift */ = {isa = PBXFileReference; lastKnownFileType = sourcecode.swift; path = CustomTextField.swift; sourceTree = "<group>"; };
		36108EDC2A308D8900CA6D60 /* MainTabView.swift */ = {isa = PBXFileReference; lastKnownFileType = sourcecode.swift; path = MainTabView.swift; sourceTree = "<group>"; };
		36108EE12A308DCB00CA6D60 /* ChannelsView.swift */ = {isa = PBXFileReference; lastKnownFileType = sourcecode.swift; path = ChannelsView.swift; sourceTree = "<group>"; };
		36108EE32A308DD200CA6D60 /* ChatsView.swift */ = {isa = PBXFileReference; lastKnownFileType = sourcecode.swift; path = ChatsView.swift; sourceTree = "<group>"; };
		36108EE52A308DD900CA6D60 /* SettingsView.swift */ = {isa = PBXFileReference; lastKnownFileType = sourcecode.swift; path = SettingsView.swift; sourceTree = "<group>"; };
		36108EE82A308E0500CA6D60 /* ConversationsView.swift */ = {isa = PBXFileReference; lastKnownFileType = sourcecode.swift; path = ConversationsView.swift; sourceTree = "<group>"; };
		36108EEA2A30955000CA6D60 /* SettingsHeaderView.swift */ = {isa = PBXFileReference; lastKnownFileType = sourcecode.swift; path = SettingsHeaderView.swift; sourceTree = "<group>"; };
		36108EEC2A30958100CA6D60 /* SettingsCell.swift */ = {isa = PBXFileReference; lastKnownFileType = sourcecode.swift; path = SettingsCell.swift; sourceTree = "<group>"; };
		36108EEE2A30980C00CA6D60 /* SettingsCellViewModel.swift */ = {isa = PBXFileReference; lastKnownFileType = sourcecode.swift; path = SettingsCellViewModel.swift; sourceTree = "<group>"; };
		36108EF02A309EED00CA6D60 /* EditProfileView.swift */ = {isa = PBXFileReference; lastKnownFileType = sourcecode.swift; path = EditProfileView.swift; sourceTree = "<group>"; };
		36108EF22A30A46300CA6D60 /* StatusSelectorView.swift */ = {isa = PBXFileReference; lastKnownFileType = sourcecode.swift; path = StatusSelectorView.swift; sourceTree = "<group>"; };
		3624FB3C2A30A7E400D9BD20 /* StatusViewModel.swift */ = {isa = PBXFileReference; lastKnownFileType = sourcecode.swift; path = StatusViewModel.swift; sourceTree = "<group>"; };
		3624FB3E2A30B3E500D9BD20 /* ImagePicker.swift */ = {isa = PBXFileReference; lastKnownFileType = sourcecode.swift; path = ImagePicker.swift; sourceTree = "<group>"; };
		3624FB402A30BE7000D9BD20 /* ConversationCellView.swift */ = {isa = PBXFileReference; lastKnownFileType = sourcecode.swift; path = ConversationCellView.swift; sourceTree = "<group>"; };
		3624FB422A30C1D100D9BD20 /* NewMessageView.swift */ = {isa = PBXFileReference; lastKnownFileType = sourcecode.swift; path = NewMessageView.swift; sourceTree = "<group>"; };
		3624FB442A30C1DC00D9BD20 /* UserCellView.swift */ = {isa = PBXFileReference; lastKnownFileType = sourcecode.swift; path = UserCellView.swift; sourceTree = "<group>"; };
		3624FB462A30C6E900D9BD20 /* SearchBar.swift */ = {isa = PBXFileReference; lastKnownFileType = sourcecode.swift; path = SearchBar.swift; sourceTree = "<group>"; };
		3624FB482A30C94800D9BD20 /* Extensions.swift */ = {isa = PBXFileReference; lastKnownFileType = sourcecode.swift; path = Extensions.swift; sourceTree = "<group>"; };
/* End PBXFileReference section */

/* Begin PBXFrameworksBuildPhase section */
		36108DA02A2E322700CA6D60 /* Frameworks */ = {
			isa = PBXFrameworksBuildPhase;
			buildActionMask = 2147483647;
			files = (
			);
			runOnlyForDeploymentPostprocessing = 0;
		};
/* End PBXFrameworksBuildPhase section */

/* Begin PBXGroup section */
		36108D9A2A2E322700CA6D60 = {
			isa = PBXGroup;
			children = (
				36108DA52A2E322700CA6D60 /* ChatWave */,
				36108DA42A2E322700CA6D60 /* Products */,
			);
			sourceTree = "<group>";
		};
		36108DA42A2E322700CA6D60 /* Products */ = {
			isa = PBXGroup;
			children = (
				36108DA32A2E322700CA6D60 /* ChatWave.app */,
			);
			name = Products;
			sourceTree = "<group>";
		};
		36108DA52A2E322700CA6D60 /* ChatWave */ = {
			isa = PBXGroup;
			children = (
				36108ED32A30652D00CA6D60 /* Model */,
				36108ED22A30652B00CA6D60 /* ViewModel */,
				36108ED12A30652A00CA6D60 /* View */,
				36108ED02A30652700CA6D60 /* API */,
				36108ECF2A30652300CA6D60 /* Utils */,
				36108DA62A2E322700CA6D60 /* ChatWaveApp.swift */,
				36108DA82A2E322700CA6D60 /* ContentView.swift */,
				36108DAA2A2E322900CA6D60 /* Assets.xcassets */,
				36108DAC2A2E322900CA6D60 /* Preview Content */,
			);
			path = ChatWave;
			sourceTree = "<group>";
		};
		36108DAC2A2E322900CA6D60 /* Preview Content */ = {
			isa = PBXGroup;
			children = (
				36108DAD2A2E322900CA6D60 /* Preview Assets.xcassets */,
			);
			path = "Preview Content";
			sourceTree = "<group>";
		};
		36108ECF2A30652300CA6D60 /* Utils */ = {
			isa = PBXGroup;
			children = (
				36108ED92A30704400CA6D60 /* CustomTextField.swift */,
				3624FB3E2A30B3E500D9BD20 /* ImagePicker.swift */,
				3624FB462A30C6E900D9BD20 /* SearchBar.swift */,
				3624FB482A30C94800D9BD20 /* Extensions.swift */,
			);
			path = Utils;
			sourceTree = "<group>";
		};
		36108ED02A30652700CA6D60 /* API */ = {
			isa = PBXGroup;
			children = (
			);
			path = API;
			sourceTree = "<group>";
		};
		36108ED12A30652A00CA6D60 /* View */ = {
			isa = PBXGroup;
			children = (
				36108EE72A308DF300CA6D60 /* Conversations */,
				36108EE02A308DAE00CA6D60 /* Settings */,
				36108EDF2A308DA600CA6D60 /* Channels */,
				36108EDE2A308DA400CA6D60 /* Chats */,
				36108EDB2A308D7C00CA6D60 /* Main */,
				36108ED42A30656900CA6D60 /* Auth */,
			);
			path = View;
			sourceTree = "<group>";
		};
		36108ED22A30652B00CA6D60 /* ViewModel */ = {
			isa = PBXGroup;
			children = (
				36108EEE2A30980C00CA6D60 /* SettingsCellViewModel.swift */,
				3624FB3C2A30A7E400D9BD20 /* StatusViewModel.swift */,
			);
			path = ViewModel;
			sourceTree = "<group>";
		};
		36108ED32A30652D00CA6D60 /* Model */ = {
			isa = PBXGroup;
			children = (
			);
			path = Model;
			sourceTree = "<group>";
		};
		36108ED42A30656900CA6D60 /* Auth */ = {
			isa = PBXGroup;
			children = (
				36108ED52A30657400CA6D60 /* LoginView.swift */,
				36108ED72A30657C00CA6D60 /* RegisterView.swift */,
			);
			path = Auth;
			sourceTree = "<group>";
		};
		36108EDB2A308D7C00CA6D60 /* Main */ = {
			isa = PBXGroup;
			children = (
				36108EDC2A308D8900CA6D60 /* MainTabView.swift */,
			);
			path = Main;
			sourceTree = "<group>";
		};
		36108EDE2A308DA400CA6D60 /* Chats */ = {
			isa = PBXGroup;
			children = (
				36108EE32A308DD200CA6D60 /* ChatsView.swift */,
			);
			path = Chats;
			sourceTree = "<group>";
		};
		36108EDF2A308DA600CA6D60 /* Channels */ = {
			isa = PBXGroup;
			children = (
				36108EE12A308DCB00CA6D60 /* ChannelsView.swift */,
			);
			path = Channels;
			sourceTree = "<group>";
		};
		36108EE02A308DAE00CA6D60 /* Settings */ = {
			isa = PBXGroup;
			children = (
				36108EE52A308DD900CA6D60 /* SettingsView.swift */,
				36108EEA2A30955000CA6D60 /* SettingsHeaderView.swift */,
				36108EEC2A30958100CA6D60 /* SettingsCell.swift */,
				36108EF02A309EED00CA6D60 /* EditProfileView.swift */,
				36108EF22A30A46300CA6D60 /* StatusSelectorView.swift */,
			);
			path = Settings;
			sourceTree = "<group>";
		};
		36108EE72A308DF300CA6D60 /* Conversations */ = {
			isa = PBXGroup;
			children = (
				36108EE82A308E0500CA6D60 /* ConversationsView.swift */,
				3624FB402A30BE7000D9BD20 /* ConversationCellView.swift */,
				3624FB422A30C1D100D9BD20 /* NewMessageView.swift */,
				3624FB442A30C1DC00D9BD20 /* UserCellView.swift */,
			);
			path = Conversations;
			sourceTree = "<group>";
		};
/* End PBXGroup section */

/* Begin PBXNativeTarget section */
		36108DA22A2E322700CA6D60 /* ChatWave */ = {
			isa = PBXNativeTarget;
			buildConfigurationList = 36108DB12A2E322900CA6D60 /* Build configuration list for PBXNativeTarget "ChatWave" */;
			buildPhases = (
				36108D9F2A2E322700CA6D60 /* Sources */,
				36108DA02A2E322700CA6D60 /* Frameworks */,
				36108DA12A2E322700CA6D60 /* Resources */,
			);
			buildRules = (
			);
			dependencies = (
			);
			name = ChatWave;
			productName = ChatWave;
			productReference = 36108DA32A2E322700CA6D60 /* ChatWave.app */;
			productType = "com.apple.product-type.application";
		};
/* End PBXNativeTarget section */

/* Begin PBXProject section */
		36108D9B2A2E322700CA6D60 /* Project object */ = {
			isa = PBXProject;
			attributes = {
				BuildIndependentTargetsInParallel = 1;
				LastSwiftUpdateCheck = 1420;
				LastUpgradeCheck = 1420;
				TargetAttributes = {
					36108DA22A2E322700CA6D60 = {
						CreatedOnToolsVersion = 14.2;
					};
				};
			};
			buildConfigurationList = 36108D9E2A2E322700CA6D60 /* Build configuration list for PBXProject "ChatWave" */;
			compatibilityVersion = "Xcode 14.0";
			developmentRegion = en;
			hasScannedForEncodings = 0;
			knownRegions = (
				en,
				Base,
			);
			mainGroup = 36108D9A2A2E322700CA6D60;
			productRefGroup = 36108DA42A2E322700CA6D60 /* Products */;
			projectDirPath = "";
			projectRoot = "";
			targets = (
				36108DA22A2E322700CA6D60 /* ChatWave */,
			);
		};
/* End PBXProject section */

/* Begin PBXResourcesBuildPhase section */
		36108DA12A2E322700CA6D60 /* Resources */ = {
			isa = PBXResourcesBuildPhase;
			buildActionMask = 2147483647;
			files = (
				36108DAE2A2E322900CA6D60 /* Preview Assets.xcassets in Resources */,
				36108DAB2A2E322900CA6D60 /* Assets.xcassets in Resources */,
			);
			runOnlyForDeploymentPostprocessing = 0;
		};
/* End PBXResourcesBuildPhase section */

/* Begin PBXSourcesBuildPhase section */
		36108D9F2A2E322700CA6D60 /* Sources */ = {
			isa = PBXSourcesBuildPhase;
			buildActionMask = 2147483647;
			files = (
				3624FB3D2A30A7E400D9BD20 /* StatusViewModel.swift in Sources */,
				36108EF12A309EED00CA6D60 /* EditProfileView.swift in Sources */,
				3624FB432A30C1D100D9BD20 /* NewMessageView.swift in Sources */,
				3624FB452A30C1DC00D9BD20 /* UserCellView.swift in Sources */,
				36108EF32A30A46300CA6D60 /* StatusSelectorView.swift in Sources */,
				3624FB3F2A30B3E500D9BD20 /* ImagePicker.swift in Sources */,
				36108EE42A308DD200CA6D60 /* ChatsView.swift in Sources */,
				36108ED62A30657400CA6D60 /* LoginView.swift in Sources */,
				36108EEF2A30980C00CA6D60 /* SettingsCellViewModel.swift in Sources */,
				3624FB492A30C94800D9BD20 /* Extensions.swift in Sources */,
				36108EED2A30958100CA6D60 /* SettingsCell.swift in Sources */,
				36108EE22A308DCB00CA6D60 /* ChannelsView.swift in Sources */,
				36108EEB2A30955000CA6D60 /* SettingsHeaderView.swift in Sources */,
				36108EE92A308E0500CA6D60 /* ConversationsView.swift in Sources */,
				36108EE62A308DD900CA6D60 /* SettingsView.swift in Sources */,
				3624FB472A30C6E900D9BD20 /* SearchBar.swift in Sources */,
				36108ED82A30657C00CA6D60 /* RegisterView.swift in Sources */,
				36108DA92A2E322700CA6D60 /* ContentView.swift in Sources */,
				3624FB412A30BE7000D9BD20 /* ConversationCellView.swift in Sources */,
				36108DA72A2E322700CA6D60 /* ChatWaveApp.swift in Sources */,
				36108EDA2A30704400CA6D60 /* CustomTextField.swift in Sources */,
				36108EDD2A308D8900CA6D60 /* MainTabView.swift in Sources */,
			);
			runOnlyForDeploymentPostprocessing = 0;
		};
/* End PBXSourcesBuildPhase section */

/* Begin XCBuildConfiguration section */
		36108DAF2A2E322900CA6D60 /* Debug */ = {
			isa = XCBuildConfiguration;
			buildSettings = {
				ALWAYS_SEARCH_USER_PATHS = NO;
				CLANG_ANALYZER_NONNULL = YES;
				CLANG_ANALYZER_NUMBER_OBJECT_CONVERSION = YES_AGGRESSIVE;
				CLANG_CXX_LANGUAGE_STANDARD = "gnu++20";
				CLANG_ENABLE_MODULES = YES;
				CLANG_ENABLE_OBJC_ARC = YES;
				CLANG_ENABLE_OBJC_WEAK = YES;
				CLANG_WARN_BLOCK_CAPTURE_AUTORELEASING = YES;
				CLANG_WARN_BOOL_CONVERSION = YES;
				CLANG_WARN_COMMA = YES;
				CLANG_WARN_CONSTANT_CONVERSION = YES;
				CLANG_WARN_DEPRECATED_OBJC_IMPLEMENTATIONS = YES;
				CLANG_WARN_DIRECT_OBJC_ISA_USAGE = YES_ERROR;
				CLANG_WARN_DOCUMENTATION_COMMENTS = YES;
				CLANG_WARN_EMPTY_BODY = YES;
				CLANG_WARN_ENUM_CONVERSION = YES;
				CLANG_WARN_INFINITE_RECURSION = YES;
				CLANG_WARN_INT_CONVERSION = YES;
				CLANG_WARN_NON_LITERAL_NULL_CONVERSION = YES;
				CLANG_WARN_OBJC_IMPLICIT_RETAIN_SELF = YES;
				CLANG_WARN_OBJC_LITERAL_CONVERSION = YES;
				CLANG_WARN_OBJC_ROOT_CLASS = YES_ERROR;
				CLANG_WARN_QUOTED_INCLUDE_IN_FRAMEWORK_HEADER = YES;
				CLANG_WARN_RANGE_LOOP_ANALYSIS = YES;
				CLANG_WARN_STRICT_PROTOTYPES = YES;
				CLANG_WARN_SUSPICIOUS_MOVE = YES;
				CLANG_WARN_UNGUARDED_AVAILABILITY = YES_AGGRESSIVE;
				CLANG_WARN_UNREACHABLE_CODE = YES;
				CLANG_WARN__DUPLICATE_METHOD_MATCH = YES;
				COPY_PHASE_STRIP = NO;
				DEBUG_INFORMATION_FORMAT = dwarf;
				ENABLE_STRICT_OBJC_MSGSEND = YES;
				ENABLE_TESTABILITY = YES;
				GCC_C_LANGUAGE_STANDARD = gnu11;
				GCC_DYNAMIC_NO_PIC = NO;
				GCC_NO_COMMON_BLOCKS = YES;
				GCC_OPTIMIZATION_LEVEL = 0;
				GCC_PREPROCESSOR_DEFINITIONS = (
					"DEBUG=1",
					"$(inherited)",
				);
				GCC_WARN_64_TO_32_BIT_CONVERSION = YES;
				GCC_WARN_ABOUT_RETURN_TYPE = YES_ERROR;
				GCC_WARN_UNDECLARED_SELECTOR = YES;
				GCC_WARN_UNINITIALIZED_AUTOS = YES_AGGRESSIVE;
				GCC_WARN_UNUSED_FUNCTION = YES;
				GCC_WARN_UNUSED_VARIABLE = YES;
				IPHONEOS_DEPLOYMENT_TARGET = 16.2;
				MTL_ENABLE_DEBUG_INFO = INCLUDE_SOURCE;
				MTL_FAST_MATH = YES;
				ONLY_ACTIVE_ARCH = YES;
				SDKROOT = iphoneos;
				SWIFT_ACTIVE_COMPILATION_CONDITIONS = DEBUG;
				SWIFT_OPTIMIZATION_LEVEL = "-Onone";
			};
			name = Debug;
		};
		36108DB02A2E322900CA6D60 /* Release */ = {
			isa = XCBuildConfiguration;
			buildSettings = {
				ALWAYS_SEARCH_USER_PATHS = NO;
				CLANG_ANALYZER_NONNULL = YES;
				CLANG_ANALYZER_NUMBER_OBJECT_CONVERSION = YES_AGGRESSIVE;
				CLANG_CXX_LANGUAGE_STANDARD = "gnu++20";
				CLANG_ENABLE_MODULES = YES;
				CLANG_ENABLE_OBJC_ARC = YES;
				CLANG_ENABLE_OBJC_WEAK = YES;
				CLANG_WARN_BLOCK_CAPTURE_AUTORELEASING = YES;
				CLANG_WARN_BOOL_CONVERSION = YES;
				CLANG_WARN_COMMA = YES;
				CLANG_WARN_CONSTANT_CONVERSION = YES;
				CLANG_WARN_DEPRECATED_OBJC_IMPLEMENTATIONS = YES;
				CLANG_WARN_DIRECT_OBJC_ISA_USAGE = YES_ERROR;
				CLANG_WARN_DOCUMENTATION_COMMENTS = YES;
				CLANG_WARN_EMPTY_BODY = YES;
				CLANG_WARN_ENUM_CONVERSION = YES;
				CLANG_WARN_INFINITE_RECURSION = YES;
				CLANG_WARN_INT_CONVERSION = YES;
				CLANG_WARN_NON_LITERAL_NULL_CONVERSION = YES;
				CLANG_WARN_OBJC_IMPLICIT_RETAIN_SELF = YES;
				CLANG_WARN_OBJC_LITERAL_CONVERSION = YES;
				CLANG_WARN_OBJC_ROOT_CLASS = YES_ERROR;
				CLANG_WARN_QUOTED_INCLUDE_IN_FRAMEWORK_HEADER = YES;
				CLANG_WARN_RANGE_LOOP_ANALYSIS = YES;
				CLANG_WARN_STRICT_PROTOTYPES = YES;
				CLANG_WARN_SUSPICIOUS_MOVE = YES;
				CLANG_WARN_UNGUARDED_AVAILABILITY = YES_AGGRESSIVE;
				CLANG_WARN_UNREACHABLE_CODE = YES;
				CLANG_WARN__DUPLICATE_METHOD_MATCH = YES;
				COPY_PHASE_STRIP = NO;
				DEBUG_INFORMATION_FORMAT = "dwarf-with-dsym";
				ENABLE_NS_ASSERTIONS = NO;
				ENABLE_STRICT_OBJC_MSGSEND = YES;
				GCC_C_LANGUAGE_STANDARD = gnu11;
				GCC_NO_COMMON_BLOCKS = YES;
				GCC_WARN_64_TO_32_BIT_CONVERSION = YES;
				GCC_WARN_ABOUT_RETURN_TYPE = YES_ERROR;
				GCC_WARN_UNDECLARED_SELECTOR = YES;
				GCC_WARN_UNINITIALIZED_AUTOS = YES_AGGRESSIVE;
				GCC_WARN_UNUSED_FUNCTION = YES;
				GCC_WARN_UNUSED_VARIABLE = YES;
				IPHONEOS_DEPLOYMENT_TARGET = 16.2;
				MTL_ENABLE_DEBUG_INFO = NO;
				MTL_FAST_MATH = YES;
				SDKROOT = iphoneos;
				SWIFT_COMPILATION_MODE = wholemodule;
				SWIFT_OPTIMIZATION_LEVEL = "-O";
				VALIDATE_PRODUCT = YES;
			};
			name = Release;
		};
		36108DB22A2E322900CA6D60 /* Debug */ = {
			isa = XCBuildConfiguration;
			buildSettings = {
				ASSETCATALOG_COMPILER_APPICON_NAME = AppIcon;
				ASSETCATALOG_COMPILER_GLOBAL_ACCENT_COLOR_NAME = AccentColor;
				CODE_SIGN_STYLE = Automatic;
				CURRENT_PROJECT_VERSION = 1;
				DEVELOPMENT_ASSET_PATHS = "\"ChatWave/Preview Content\"";
				DEVELOPMENT_TEAM = 56GPYX4M8B;
				ENABLE_PREVIEWS = YES;
				GENERATE_INFOPLIST_FILE = YES;
				INFOPLIST_KEY_UIApplicationSceneManifest_Generation = YES;
				INFOPLIST_KEY_UIApplicationSupportsIndirectInputEvents = YES;
				INFOPLIST_KEY_UILaunchScreen_Generation = YES;
				INFOPLIST_KEY_UISupportedInterfaceOrientations_iPad = "UIInterfaceOrientationPortrait UIInterfaceOrientationPortraitUpsideDown UIInterfaceOrientationLandscapeLeft UIInterfaceOrientationLandscapeRight";
				INFOPLIST_KEY_UISupportedInterfaceOrientations_iPhone = "UIInterfaceOrientationPortrait UIInterfaceOrientationLandscapeLeft UIInterfaceOrientationLandscapeRight";
				LD_RUNPATH_SEARCH_PATHS = (
					"$(inherited)",
					"@executable_path/Frameworks",
				);
				MARKETING_VERSION = 1.0;
				PRODUCT_BUNDLE_IDENTIFIER = com.CanKanbur.ChatWave;
				PRODUCT_NAME = "$(TARGET_NAME)";
				SWIFT_EMIT_LOC_STRINGS = YES;
				SWIFT_VERSION = 5.0;
				TARGETED_DEVICE_FAMILY = "1,2";
			};
			name = Debug;
		};
		36108DB32A2E322900CA6D60 /* Release */ = {
			isa = XCBuildConfiguration;
			buildSettings = {
				ASSETCATALOG_COMPILER_APPICON_NAME = AppIcon;
				ASSETCATALOG_COMPILER_GLOBAL_ACCENT_COLOR_NAME = AccentColor;
				CODE_SIGN_STYLE = Automatic;
				CURRENT_PROJECT_VERSION = 1;
				DEVELOPMENT_ASSET_PATHS = "\"ChatWave/Preview Content\"";
				DEVELOPMENT_TEAM = 56GPYX4M8B;
				ENABLE_PREVIEWS = YES;
				GENERATE_INFOPLIST_FILE = YES;
				INFOPLIST_KEY_UIApplicationSceneManifest_Generation = YES;
				INFOPLIST_KEY_UIApplicationSupportsIndirectInputEvents = YES;
				INFOPLIST_KEY_UILaunchScreen_Generation = YES;
				INFOPLIST_KEY_UISupportedInterfaceOrientations_iPad = "UIInterfaceOrientationPortrait UIInterfaceOrientationPortraitUpsideDown UIInterfaceOrientationLandscapeLeft UIInterfaceOrientationLandscapeRight";
				INFOPLIST_KEY_UISupportedInterfaceOrientations_iPhone = "UIInterfaceOrientationPortrait UIInterfaceOrientationLandscapeLeft UIInterfaceOrientationLandscapeRight";
				LD_RUNPATH_SEARCH_PATHS = (
					"$(inherited)",
					"@executable_path/Frameworks",
				);
				MARKETING_VERSION = 1.0;
				PRODUCT_BUNDLE_IDENTIFIER = com.CanKanbur.ChatWave;
				PRODUCT_NAME = "$(TARGET_NAME)";
				SWIFT_EMIT_LOC_STRINGS = YES;
				SWIFT_VERSION = 5.0;
				TARGETED_DEVICE_FAMILY = "1,2";
			};
			name = Release;
		};
/* End XCBuildConfiguration section */

/* Begin XCConfigurationList section */
		36108D9E2A2E322700CA6D60 /* Build configuration list for PBXProject "ChatWave" */ = {
			isa = XCConfigurationList;
			buildConfigurations = (
				36108DAF2A2E322900CA6D60 /* Debug */,
				36108DB02A2E322900CA6D60 /* Release */,
			);
			defaultConfigurationIsVisible = 0;
			defaultConfigurationName = Release;
		};
		36108DB12A2E322900CA6D60 /* Build configuration list for PBXNativeTarget "ChatWave" */ = {
			isa = XCConfigurationList;
			buildConfigurations = (
				36108DB22A2E322900CA6D60 /* Debug */,
				36108DB32A2E322900CA6D60 /* Release */,
			);
			defaultConfigurationIsVisible = 0;
			defaultConfigurationName = Release;
		};
/* End XCConfigurationList section */
	};
	rootObject = 36108D9B2A2E322700CA6D60 /* Project object */;
}
